
Microsoft Visual Studio Solution File, Format Version 12.00
# Visual Studio Version 16
VisualStudioVersion = 16.0.29409.12
MinimumVisualStudioVersion = 10.0.40219.1
Project("{FAE04EC0-301F-11D3-BF4B-00C04F79EFBC}") = "Training", "Training\Training.csproj", "{A0A1466E-66B0-4C8A-B6F1-2C3EF8953ED2}"
EndProject
Project("{FAE04EC0-301F-11D3-BF4B-00C04F79EFBC}") = "ComplexLib", "ComplexLib\ComplexLib.csproj", "{8A1CFE66-02E3-4180-B560-65A5C985ECB2}"
EndProject
Project("{FAE04EC0-301F-11D3-BF4B-00C04F79EFBC}") = "Training.Test", "Training.Test\Training.Test.csproj", "{8A22BC1F-DFAF-4906-B190-68DA4DDB04A0}"
EndProject
Global
	GlobalSection(SolutionConfigurationPlatforms) = preSolution
		Debug|Any CPU = Debug|Any CPU
		Release|Any CPU = Release|Any CPU
	EndGlobalSection
	GlobalSection(ProjectConfigurationPlatforms) = postSolution
		{A0A1466E-66B0-4C8A-B6F1-2C3EF8953ED2}.Debug|Any CPU.ActiveCfg = Debug|Any CPU
		{A0A1466E-66B0-4C8A-B6F1-2C3EF8953ED2}.Debug|Any CPU.Build.0 = Debug|Any CPU
		{A0A1466E-66B0-4C8A-B6F1-2C3EF8953ED2}.Release|Any CPU.ActiveCfg = Release|Any CPU
		{A0A1466E-66B0-4C8A-B6F1-2C3EF8953ED2}.Release|Any CPU.Build.0 = Release|Any CPU
		{8A1CFE66-02E3-4180-B560-65A5C985ECB2}.Debug|Any CPU.ActiveCfg = Debug|Any CPU
		{8A1CFE66-02E3-4180-B560-65A5C985ECB2}.Debug|Any CPU.Build.0 = Debug|Any CPU
		{8A1CFE66-02E3-4180-B560-65A5C985ECB2}.Release|Any CPU.ActiveCfg = Release|Any CPU
		{8A1CFE66-02E3-4180-B560-65A5C985ECB2}.Release|Any CPU.Build.0 = Release|Any CPU
		{8A22BC1F-DFAF-4906-B190-68DA4DDB04A0}.Debug|Any CPU.ActiveCfg = Debug|Any CPU
		{8A22BC1F-DFAF-4906-B190-68DA4DDB04A0}.Debug|Any CPU.Build.0 = Debug|Any CPU
		{8A22BC1F-DFAF-4906-B190-68DA4DDB04A0}.Release|Any CPU.ActiveCfg = Release|Any CPU
		{8A22BC1F-DFAF-4906-B190-68DA4DDB04A0}.Release|Any CPU.Build.0 = Release|Any CPU
	EndGlobalSection
	GlobalSection(SolutionProperties) = preSolution
		HideSolutionNode = FALSE
	EndGlobalSection
	GlobalSection(ExtensibilityGlobals) = postSolution
		SolutionGuid = {3046EB73-D089-499A-A906-0538AC0A1381}
	EndGlobalSection
EndGlobal
